
Microsoft Visual Studio Solution File, Format Version 12.00
# Visual Studio 15
VisualStudioVersion = 15.0.28307.421
MinimumVisualStudioVersion = 10.0.40219.1
Project("{FAE04EC0-301F-11D3-BF4B-00C04F79EFBC}") = "PsoxoTest", "PsoxoTest\PsoxoTest.csproj", "{3E02A45C-F0E8-4641-9479-B93715DC0239}"
EndProject
Global
	GlobalSection(SolutionConfigurationPlatforms) = preSolution
		Debug|Any CPU = Debug|Any CPU
		Release|Any CPU = Release|Any CPU
	EndGlobalSection
	GlobalSection(ProjectConfigurationPlatforms) = postSolution
		{3E02A45C-F0E8-4641-9479-B93715DC0239}.Debug|Any CPU.ActiveCfg = Debug|Any CPU
		{3E02A45C-F0E8-4641-9479-B93715DC0239}.Debug|Any CPU.Build.0 = Debug|Any CPU
		{3E02A45C-F0E8-4641-9479-B93715DC0239}.Release|Any CPU.ActiveCfg = Release|Any CPU
		{3E02A45C-F0E8-4641-9479-B93715DC0239}.Release|Any CPU.Build.0 = Release|Any CPU
	EndGlobalSection
	GlobalSection(SolutionProperties) = preSolution
		HideSolutionNode = FALSE
	EndGlobalSection
	GlobalSection(ExtensibilityGlobals) = postSolution
		SolutionGuid = {2392E688-2400-4D69-A0CE-FA3320D478A7}
	EndGlobalSection
EndGlobal
